
Microsoft Visual Studio Solution File, Format Version 12.00
# Visual Studio 15
VisualStudioVersion = 15.0.28307.329
MinimumVisualStudioVersion = 10.0.40219.1
Project("{8BC9CEB8-8B4A-11D0-8D11-00A0C91BC942}") = "Chapter2", "Chapter2\Chapter2.vcxproj", "{D19A7A7D-B78F-4F22-8D4D-6A279939EC21}"
EndProject
Global
	GlobalSection(SolutionConfigurationPlatforms) = preSolution
		Debug|x64 = Debug|x64
		Debug|x86 = Debug|x86
		Release|x64 = Release|x64
		Release|x86 = Release|x86
	EndGlobalSection
	GlobalSection(ProjectConfigurationPlatforms) = postSolution
		{D19A7A7D-B78F-4F22-8D4D-6A279939EC21}.Debug|x64.ActiveCfg = Debug|x64
		{D19A7A7D-B78F-4F22-8D4D-6A279939EC21}.Debug|x64.Build.0 = Debug|x64
		{D19A7A7D-B78F-4F22-8D4D-6A279939EC21}.Debug|x86.ActiveCfg = Debug|Win32
		{D19A7A7D-B78F-4F22-8D4D-6A279939EC21}.Debug|x86.Build.0 = Debug|Win32
		{D19A7A7D-B78F-4F22-8D4D-6A279939EC21}.Release|x64.ActiveCfg = Release|x64
		{D19A7A7D-B78F-4F22-8D4D-6A279939EC21}.Release|x64.Build.0 = Release|x64
		{D19A7A7D-B78F-4F22-8D4D-6A279939EC21}.Release|x86.ActiveCfg = Release|Win32
		{D19A7A7D-B78F-4F22-8D4D-6A279939EC21}.Release|x86.Build.0 = Release|Win32
	EndGlobalSection
	GlobalSection(SolutionProperties) = preSolution
		HideSolutionNode = FALSE
	EndGlobalSection
	GlobalSection(ExtensibilityGlobals) = postSolution
		SolutionGuid = {C6727213-A994-4FBC-B25F-16F35576C71A}
	EndGlobalSection
EndGlobal
